
Microsoft Visual Studio Solution File, Format Version 11.00
# Visual Studio 2010
Project("{8BC9CEB8-8B4A-11D0-8D11-00A0C91BC942}") = "learn", "learn\learn.vcxproj", "{515543D4-9F96-4C87-96C3-649522BC684C}"
EndProject
Global
	GlobalSection(SolutionConfigurationPlatforms) = preSolution
		Debug|Win32 = Debug|Win32
		Release|Win32 = Release|Win32
	EndGlobalSection
	GlobalSection(ProjectConfigurationPlatforms) = postSolution
		{515543D4-9F96-4C87-96C3-649522BC684C}.Debug|Win32.ActiveCfg = Debug|Win32
		{515543D4-9F96-4C87-96C3-649522BC684C}.Debug|Win32.Build.0 = Debug|Win32
		{515543D4-9F96-4C87-96C3-649522BC684C}.Release|Win32.ActiveCfg = Release|Win32
		{515543D4-9F96-4C87-96C3-649522BC684C}.Release|Win32.Build.0 = Release|Win32
	EndGlobalSection
	GlobalSection(SolutionProperties) = preSolution
		HideSolutionNode = FALSE
	EndGlobalSection
EndGlobal
